
Microsoft Visual Studio Solution File, Format Version 12.00
# Visual Studio Version 17
VisualStudioVersion = 17.5.33424.131
MinimumVisualStudioVersion = 10.0.40219.1
Project("{8BC9CEB8-8B4A-11D0-8D11-00A0C91BC942}") = "001_AR47Start", "001_AR47Start\001_AR47Start.vcxproj", "{FE8AD0B8-75CA-4E40-9EA7-7719BF3CE5FF}"
EndProject
Project("{8BC9CEB8-8B4A-11D0-8D11-00A0C91BC942}") = "002_Compaile", "002_Compaile\002_Compaile.vcxproj", "{F2D42C87-5554-4FAD-855D-09945137A7B0}"
EndProject
Project("{8BC9CEB8-8B4A-11D0-8D11-00A0C91BC942}") = "003_MainFuncion", "003_MainFuncion\003_MainFuncion.vcxproj", "{E1A2557F-1086-4FB0-B122-65ECC333621F}"
EndProject
Project("{8BC9CEB8-8B4A-11D0-8D11-00A0C91BC942}") = "004_Var", "004_Var\004_Var.vcxproj", "{4CD1C7F8-8A9E-479E-83C5-0464A6546546}"
EndProject
Project("{8BC9CEB8-8B4A-11D0-8D11-00A0C91BC942}") = "005_Operator", "005_Operator\005_Operator.vcxproj", "{BB6784D7-3641-482D-8DB2-6BBF07783588}"
EndProject
Global
	GlobalSection(SolutionConfigurationPlatforms) = preSolution
		Debug|x64 = Debug|x64
		Debug|x86 = Debug|x86
		Release|x64 = Release|x64
		Release|x86 = Release|x86
	EndGlobalSection
	GlobalSection(ProjectConfigurationPlatforms) = postSolution
		{FE8AD0B8-75CA-4E40-9EA7-7719BF3CE5FF}.Debug|x64.ActiveCfg = Debug|x64
		{FE8AD0B8-75CA-4E40-9EA7-7719BF3CE5FF}.Debug|x64.Build.0 = Debug|x64
		{FE8AD0B8-75CA-4E40-9EA7-7719BF3CE5FF}.Debug|x86.ActiveCfg = Debug|Win32
		{FE8AD0B8-75CA-4E40-9EA7-7719BF3CE5FF}.Debug|x86.Build.0 = Debug|Win32
		{FE8AD0B8-75CA-4E40-9EA7-7719BF3CE5FF}.Release|x64.ActiveCfg = Release|x64
		{FE8AD0B8-75CA-4E40-9EA7-7719BF3CE5FF}.Release|x64.Build.0 = Release|x64
		{FE8AD0B8-75CA-4E40-9EA7-7719BF3CE5FF}.Release|x86.ActiveCfg = Release|Win32
		{FE8AD0B8-75CA-4E40-9EA7-7719BF3CE5FF}.Release|x86.Build.0 = Release|Win32
		{F2D42C87-5554-4FAD-855D-09945137A7B0}.Debug|x64.ActiveCfg = Debug|x64
		{F2D42C87-5554-4FAD-855D-09945137A7B0}.Debug|x64.Build.0 = Debug|x64
		{F2D42C87-5554-4FAD-855D-09945137A7B0}.Debug|x86.ActiveCfg = Debug|Win32
		{F2D42C87-5554-4FAD-855D-09945137A7B0}.Debug|x86.Build.0 = Debug|Win32
		{F2D42C87-5554-4FAD-855D-09945137A7B0}.Release|x64.ActiveCfg = Release|x64
		{F2D42C87-5554-4FAD-855D-09945137A7B0}.Release|x64.Build.0 = Release|x64
		{F2D42C87-5554-4FAD-855D-09945137A7B0}.Release|x86.ActiveCfg = Release|Win32
		{F2D42C87-5554-4FAD-855D-09945137A7B0}.Release|x86.Build.0 = Release|Win32
		{E1A2557F-1086-4FB0-B122-65ECC333621F}.Debug|x64.ActiveCfg = Debug|x64
		{E1A2557F-1086-4FB0-B122-65ECC333621F}.Debug|x64.Build.0 = Debug|x64
		{E1A2557F-1086-4FB0-B122-65ECC333621F}.Debug|x86.ActiveCfg = Debug|Win32
		{E1A2557F-1086-4FB0-B122-65ECC333621F}.Debug|x86.Build.0 = Debug|Win32
		{E1A2557F-1086-4FB0-B122-65ECC333621F}.Release|x64.ActiveCfg = Release|x64
		{E1A2557F-1086-4FB0-B122-65ECC333621F}.Release|x64.Build.0 = Release|x64
		{E1A2557F-1086-4FB0-B122-65ECC333621F}.Release|x86.ActiveCfg = Release|Win32
		{E1A2557F-1086-4FB0-B122-65ECC333621F}.Release|x86.Build.0 = Release|Win32
		{4CD1C7F8-8A9E-479E-83C5-0464A6546546}.Debug|x64.ActiveCfg = Debug|x64
		{4CD1C7F8-8A9E-479E-83C5-0464A6546546}.Debug|x64.Build.0 = Debug|x64
		{4CD1C7F8-8A9E-479E-83C5-0464A6546546}.Debug|x86.ActiveCfg = Debug|Win32
		{4CD1C7F8-8A9E-479E-83C5-0464A6546546}.Debug|x86.Build.0 = Debug|Win32
		{4CD1C7F8-8A9E-479E-83C5-0464A6546546}.Release|x64.ActiveCfg = Release|x64
		{4CD1C7F8-8A9E-479E-83C5-0464A6546546}.Release|x64.Build.0 = Release|x64
		{4CD1C7F8-8A9E-479E-83C5-0464A6546546}.Release|x86.ActiveCfg = Release|Win32
		{4CD1C7F8-8A9E-479E-83C5-0464A6546546}.Release|x86.Build.0 = Release|Win32
		{BB6784D7-3641-482D-8DB2-6BBF07783588}.Debug|x64.ActiveCfg = Debug|x64
		{BB6784D7-3641-482D-8DB2-6BBF07783588}.Debug|x64.Build.0 = Debug|x64
		{BB6784D7-3641-482D-8DB2-6BBF07783588}.Debug|x86.ActiveCfg = Debug|Win32
		{BB6784D7-3641-482D-8DB2-6BBF07783588}.Debug|x86.Build.0 = Debug|Win32
		{BB6784D7-3641-482D-8DB2-6BBF07783588}.Release|x64.ActiveCfg = Release|x64
		{BB6784D7-3641-482D-8DB2-6BBF07783588}.Release|x64.Build.0 = Release|x64
		{BB6784D7-3641-482D-8DB2-6BBF07783588}.Release|x86.ActiveCfg = Release|Win32
		{BB6784D7-3641-482D-8DB2-6BBF07783588}.Release|x86.Build.0 = Release|Win32
	EndGlobalSection
	GlobalSection(SolutionProperties) = preSolution
		HideSolutionNode = FALSE
	EndGlobalSection
	GlobalSection(ExtensibilityGlobals) = postSolution
		SolutionGuid = {F426D860-536A-4B9D-898D-CB6013A7CBF6}
	EndGlobalSection
EndGlobal
